
Microsoft Visual Studio Solution File, Format Version 12.00
# Visual Studio Version 17
VisualStudioVersion = 17.1.32407.343
MinimumVisualStudioVersion = 10.0.40219.1
Project("{2150E333-8FDC-42A3-9474-1A3956D46DE8}") = "Contexts", "Contexts", "{9AB37ABD-3AB1-42E4-BB16-5ADDBBDF1298}"
EndProject
Project("{2150E333-8FDC-42A3-9474-1A3956D46DE8}") = "Catalogo", "Catalogo", "{14DC3828-1EDA-4971-BDDB-9DE309339394}"
EndProject
Project("{2150E333-8FDC-42A3-9474-1A3956D46DE8}") = "Cadastros", "Cadastros", "{723D56EC-D633-43D0-9736-7AC7B7BC5245}"
EndProject
Project("{2150E333-8FDC-42A3-9474-1A3956D46DE8}") = "Fiscal", "Fiscal", "{668451A0-B86E-4FE8-ACE6-3FC1D886A153}"
EndProject
Project("{2150E333-8FDC-42A3-9474-1A3956D46DE8}") = "Pagametos", "Pagametos", "{69036679-AD4E-4750-88AB-9E040C7F8004}"
EndProject
Project("{2150E333-8FDC-42A3-9474-1A3956D46DE8}") = "Vendas", "Vendas", "{FBC73E92-DE5D-475D-BC07-39D8DA21F3AF}"
EndProject
Project("{2150E333-8FDC-42A3-9474-1A3956D46DE8}") = "WebApps", "WebApps", "{829407F5-3DC4-47FF-9682-C2AF9EB173B5}"
EndProject
Project("{2150E333-8FDC-42A3-9474-1A3956D46DE8}") = "MobileApps", "MobileApps", "{4457F27B-B2B1-4BC6-A2F9-1C1B38BA2EAA}"
EndProject
Project("{2150E333-8FDC-42A3-9474-1A3956D46DE8}") = "Core", "Core", "{2557C467-0454-4C4C-B99E-7D63B19D1CB6}"
EndProject
Project("{9A19103F-16F7-4668-BE54-9A1E7A4F7556}") = "DragonStore.Catalogo.Domain", "src\DragonStore.Catalogo.Domain\DragonStore.Catalogo.Domain.csproj", "{6A4506B2-4C31-4C8F-8489-1BB5751E912D}"
EndProject
Project("{9A19103F-16F7-4668-BE54-9A1E7A4F7556}") = "DragonStore.Core", "src\DragonStore.Core\DragonStore.Core.csproj", "{791056DB-6CC3-43FD-950D-B1339939E515}"
EndProject
Project("{2150E333-8FDC-42A3-9474-1A3956D46DE8}") = "Tests", "Tests", "{55B67D45-603B-4DAC-A44F-9F12D4B4259A}"
EndProject
Project("{9A19103F-16F7-4668-BE54-9A1E7A4F7556}") = "DragonStore.Catalogo.Domain.Tests", "tests\DragonStore.Catalogo.Domain.Tests\DragonStore.Catalogo.Domain.Tests.csproj", "{58B0B980-8477-401F-9AA5-7EFAE643F7CC}"
EndProject
Project("{9A19103F-16F7-4668-BE54-9A1E7A4F7556}") = "DragonStore.Catalogo.Data", "src\DragonStore.Catalogo.Data\DragonStore.Catalogo.Data.csproj", "{C36A4B1D-4138-453F-8D82-379EF0FE3DF9}"
EndProject
Project("{FAE04EC0-301F-11D3-BF4B-00C04F79EFBC}") = "DragonStore.Catalogo.Application", "src\DragonStore.Catalogo.Application\DragonStore.Catalogo.Application.csproj", "{E403B8CB-6261-4034-8E77-F7F24C9A743A}"
EndProject
Project("{FAE04EC0-301F-11D3-BF4B-00C04F79EFBC}") = "DragonStore.WebApps.MVC", "src\DragonStore.WebApps.MVC\DragonStore.WebApps.MVC.csproj", "{E456D62B-5C63-4DE0-8FA0-2E9BB3793D5F}"
EndProject
Global
	GlobalSection(SolutionConfigurationPlatforms) = preSolution
		Debug|Any CPU = Debug|Any CPU
		Release|Any CPU = Release|Any CPU
	EndGlobalSection
	GlobalSection(ProjectConfigurationPlatforms) = postSolution
		{6A4506B2-4C31-4C8F-8489-1BB5751E912D}.Debug|Any CPU.ActiveCfg = Debug|Any CPU
		{6A4506B2-4C31-4C8F-8489-1BB5751E912D}.Debug|Any CPU.Build.0 = Debug|Any CPU
		{6A4506B2-4C31-4C8F-8489-1BB5751E912D}.Release|Any CPU.ActiveCfg = Release|Any CPU
		{6A4506B2-4C31-4C8F-8489-1BB5751E912D}.Release|Any CPU.Build.0 = Release|Any CPU
		{791056DB-6CC3-43FD-950D-B1339939E515}.Debug|Any CPU.ActiveCfg = Debug|Any CPU
		{791056DB-6CC3-43FD-950D-B1339939E515}.Debug|Any CPU.Build.0 = Debug|Any CPU
		{791056DB-6CC3-43FD-950D-B1339939E515}.Release|Any CPU.ActiveCfg = Release|Any CPU
		{791056DB-6CC3-43FD-950D-B1339939E515}.Release|Any CPU.Build.0 = Release|Any CPU
		{58B0B980-8477-401F-9AA5-7EFAE643F7CC}.Debug|Any CPU.ActiveCfg = Debug|Any CPU
		{58B0B980-8477-401F-9AA5-7EFAE643F7CC}.Debug|Any CPU.Build.0 = Debug|Any CPU
		{58B0B980-8477-401F-9AA5-7EFAE643F7CC}.Release|Any CPU.ActiveCfg = Release|Any CPU
		{58B0B980-8477-401F-9AA5-7EFAE643F7CC}.Release|Any CPU.Build.0 = Release|Any CPU
		{C36A4B1D-4138-453F-8D82-379EF0FE3DF9}.Debug|Any CPU.ActiveCfg = Debug|Any CPU
		{C36A4B1D-4138-453F-8D82-379EF0FE3DF9}.Debug|Any CPU.Build.0 = Debug|Any CPU
		{C36A4B1D-4138-453F-8D82-379EF0FE3DF9}.Release|Any CPU.ActiveCfg = Release|Any CPU
		{C36A4B1D-4138-453F-8D82-379EF0FE3DF9}.Release|Any CPU.Build.0 = Release|Any CPU
		{E403B8CB-6261-4034-8E77-F7F24C9A743A}.Debug|Any CPU.ActiveCfg = Debug|Any CPU
		{E403B8CB-6261-4034-8E77-F7F24C9A743A}.Debug|Any CPU.Build.0 = Debug|Any CPU
		{E403B8CB-6261-4034-8E77-F7F24C9A743A}.Release|Any CPU.ActiveCfg = Release|Any CPU
		{E403B8CB-6261-4034-8E77-F7F24C9A743A}.Release|Any CPU.Build.0 = Release|Any CPU
		{E456D62B-5C63-4DE0-8FA0-2E9BB3793D5F}.Debug|Any CPU.ActiveCfg = Debug|Any CPU
		{E456D62B-5C63-4DE0-8FA0-2E9BB3793D5F}.Debug|Any CPU.Build.0 = Debug|Any CPU
		{E456D62B-5C63-4DE0-8FA0-2E9BB3793D5F}.Release|Any CPU.ActiveCfg = Release|Any CPU
		{E456D62B-5C63-4DE0-8FA0-2E9BB3793D5F}.Release|Any CPU.Build.0 = Release|Any CPU
	EndGlobalSection
	GlobalSection(SolutionProperties) = preSolution
		HideSolutionNode = FALSE
	EndGlobalSection
	GlobalSection(NestedProjects) = preSolution
		{14DC3828-1EDA-4971-BDDB-9DE309339394} = {9AB37ABD-3AB1-42E4-BB16-5ADDBBDF1298}
		{723D56EC-D633-43D0-9736-7AC7B7BC5245} = {9AB37ABD-3AB1-42E4-BB16-5ADDBBDF1298}
		{668451A0-B86E-4FE8-ACE6-3FC1D886A153} = {9AB37ABD-3AB1-42E4-BB16-5ADDBBDF1298}
		{69036679-AD4E-4750-88AB-9E040C7F8004} = {9AB37ABD-3AB1-42E4-BB16-5ADDBBDF1298}
		{FBC73E92-DE5D-475D-BC07-39D8DA21F3AF} = {9AB37ABD-3AB1-42E4-BB16-5ADDBBDF1298}
		{2557C467-0454-4C4C-B99E-7D63B19D1CB6} = {9AB37ABD-3AB1-42E4-BB16-5ADDBBDF1298}
		{6A4506B2-4C31-4C8F-8489-1BB5751E912D} = {14DC3828-1EDA-4971-BDDB-9DE309339394}
		{791056DB-6CC3-43FD-950D-B1339939E515} = {2557C467-0454-4C4C-B99E-7D63B19D1CB6}
		{55B67D45-603B-4DAC-A44F-9F12D4B4259A} = {14DC3828-1EDA-4971-BDDB-9DE309339394}
		{58B0B980-8477-401F-9AA5-7EFAE643F7CC} = {55B67D45-603B-4DAC-A44F-9F12D4B4259A}
		{C36A4B1D-4138-453F-8D82-379EF0FE3DF9} = {14DC3828-1EDA-4971-BDDB-9DE309339394}
		{E403B8CB-6261-4034-8E77-F7F24C9A743A} = {14DC3828-1EDA-4971-BDDB-9DE309339394}
		{E456D62B-5C63-4DE0-8FA0-2E9BB3793D5F} = {829407F5-3DC4-47FF-9682-C2AF9EB173B5}
	EndGlobalSection
	GlobalSection(ExtensibilityGlobals) = postSolution
		SolutionGuid = {0BF119D4-89E3-4B47-BD8A-C1DC1371890E}
	EndGlobalSection
EndGlobal
